
Microsoft Visual Studio Solution File, Format Version 12.00
# Visual Studio Version 17
VisualStudioVersion = 17.11.35327.3
MinimumVisualStudioVersion = 10.0.40219.1
Project("{9A19103F-16F7-4668-BE54-9A1E7A4F7556}") = "FdxSharp", "src\FdxSharp\FdxSharp.csproj", "{6EAF9402-873A-49AC-B109-BB7FED7A553B}"
EndProject
Global
	GlobalSection(SolutionConfigurationPlatforms) = preSolution
		Debug|Any CPU = Debug|Any CPU
		Release|Any CPU = Release|Any CPU
	EndGlobalSection
	GlobalSection(ProjectConfigurationPlatforms) = postSolution
		{6EAF9402-873A-49AC-B109-BB7FED7A553B}.Debug|Any CPU.ActiveCfg = Debug|Any CPU
		{6EAF9402-873A-49AC-B109-BB7FED7A553B}.Debug|Any CPU.Build.0 = Debug|Any CPU
		{6EAF9402-873A-49AC-B109-BB7FED7A553B}.Release|Any CPU.ActiveCfg = Release|Any CPU
		{6EAF9402-873A-49AC-B109-BB7FED7A553B}.Release|Any CPU.Build.0 = Release|Any CPU
	EndGlobalSection
	GlobalSection(SolutionProperties) = preSolution
		HideSolutionNode = FALSE
	EndGlobalSection
	GlobalSection(ExtensibilityGlobals) = postSolution
		SolutionGuid = {EAE45561-0220-41D8-9FDF-113F6FBF01AE}
	EndGlobalSection
EndGlobal
